
Microsoft Visual Studio Solution File, Format Version 12.00
# Visual Studio Version 17
VisualStudioVersion = 17.0.31903.59
MinimumVisualStudioVersion = 10.0.40219.1
Project("{2150E333-8FDC-42A3-9474-1A3956D46DE8}") = "src", "src", "{827E0CD3-B72D-47B6-A68D-7590B98EB39B}"
EndProject
Project("{FAE04EC0-301F-11D3-BF4B-00C04F79EFBC}") = "Fic.AppHost", "src\Fic.AppHost\Fic.AppHost.csproj", "{C60435A6-533C-412D-B3F9-0F12CF55C1D8}"
EndProject
Project("{FAE04EC0-301F-11D3-BF4B-00C04F79EFBC}") = "Fic.Platform.Web", "src\Fic.Platform.Web\Fic.Platform.Web.csproj", "{719F0779-0439-4F58-9C28-D2DB6DCB791D}"
EndProject
Project("{FAE04EC0-301F-11D3-BF4B-00C04F79EFBC}") = "Fic.ServiceDefaults", "src\Fic.ServiceDefaults\Fic.ServiceDefaults.csproj", "{547BEB04-87A4-4666-912D-103A36016F83}"
EndProject
Project("{FAE04EC0-301F-11D3-BF4B-00C04F79EFBC}") = "Fic.BuildingBlocks", "src\Fic.BuildingBlocks\Fic.BuildingBlocks.csproj", "{BD4DE3F5-2C82-4C27-96C5-7F10CB948917}"
EndProject
Project("{FAE04EC0-301F-11D3-BF4B-00C04F79EFBC}") = "Fic.Contracts", "src\Fic.Contracts\Fic.Contracts.csproj", "{012F30DD-45D3-473C-99F6-E199B7E499F8}"
EndProject
Project("{FAE04EC0-301F-11D3-BF4B-00C04F79EFBC}") = "Fic.MerchantAccounts", "src\Fic.MerchantAccounts\Fic.MerchantAccounts.csproj", "{7C33131E-479D-4A91-97E7-7C261A8A1CE5}"
EndProject
Project("{FAE04EC0-301F-11D3-BF4B-00C04F79EFBC}") = "Fic.LoyaltyCore", "src\Fic.LoyaltyCore\Fic.LoyaltyCore.csproj", "{5571AFD8-989E-4726-A2F3-2379D936C9C2}"
EndProject
Project("{FAE04EC0-301F-11D3-BF4B-00C04F79EFBC}") = "Fic.WalletPasses", "src\Fic.WalletPasses\Fic.WalletPasses.csproj", "{53DADAED-DE16-4D3A-B5D7-B6D97D887C65}"
EndProject
Project("{FAE04EC0-301F-11D3-BF4B-00C04F79EFBC}") = "Fic.Platform.Workers", "src\Fic.Platform.Workers\Fic.Platform.Workers.csproj", "{EF983551-E4CD-41D7-9A3D-4C92D7D720D1}"
EndProject
Global
	GlobalSection(SolutionConfigurationPlatforms) = preSolution
		Debug|Any CPU = Debug|Any CPU
		Debug|x64 = Debug|x64
		Debug|x86 = Debug|x86
		Release|Any CPU = Release|Any CPU
		Release|x64 = Release|x64
		Release|x86 = Release|x86
	EndGlobalSection
	GlobalSection(ProjectConfigurationPlatforms) = postSolution
		{C60435A6-533C-412D-B3F9-0F12CF55C1D8}.Debug|Any CPU.ActiveCfg = Debug|Any CPU
		{C60435A6-533C-412D-B3F9-0F12CF55C1D8}.Debug|Any CPU.Build.0 = Debug|Any CPU
		{C60435A6-533C-412D-B3F9-0F12CF55C1D8}.Debug|x64.ActiveCfg = Debug|Any CPU
		{C60435A6-533C-412D-B3F9-0F12CF55C1D8}.Debug|x64.Build.0 = Debug|Any CPU
		{C60435A6-533C-412D-B3F9-0F12CF55C1D8}.Debug|x86.ActiveCfg = Debug|Any CPU
		{C60435A6-533C-412D-B3F9-0F12CF55C1D8}.Debug|x86.Build.0 = Debug|Any CPU
		{C60435A6-533C-412D-B3F9-0F12CF55C1D8}.Release|Any CPU.ActiveCfg = Release|Any CPU
		{C60435A6-533C-412D-B3F9-0F12CF55C1D8}.Release|Any CPU.Build.0 = Release|Any CPU
		{C60435A6-533C-412D-B3F9-0F12CF55C1D8}.Release|x64.ActiveCfg = Release|Any CPU
		{C60435A6-533C-412D-B3F9-0F12CF55C1D8}.Release|x64.Build.0 = Release|Any CPU
		{C60435A6-533C-412D-B3F9-0F12CF55C1D8}.Release|x86.ActiveCfg = Release|Any CPU
		{C60435A6-533C-412D-B3F9-0F12CF55C1D8}.Release|x86.Build.0 = Release|Any CPU
		{719F0779-0439-4F58-9C28-D2DB6DCB791D}.Debug|Any CPU.ActiveCfg = Debug|Any CPU
		{719F0779-0439-4F58-9C28-D2DB6DCB791D}.Debug|Any CPU.Build.0 = Debug|Any CPU
		{719F0779-0439-4F58-9C28-D2DB6DCB791D}.Debug|x64.ActiveCfg = Debug|Any CPU
		{719F0779-0439-4F58-9C28-D2DB6DCB791D}.Debug|x64.Build.0 = Debug|Any CPU
		{719F0779-0439-4F58-9C28-D2DB6DCB791D}.Debug|x86.ActiveCfg = Debug|Any CPU
		{719F0779-0439-4F58-9C28-D2DB6DCB791D}.Debug|x86.Build.0 = Debug|Any CPU
		{719F0779-0439-4F58-9C28-D2DB6DCB791D}.Release|Any CPU.ActiveCfg = Release|Any CPU
		{719F0779-0439-4F58-9C28-D2DB6DCB791D}.Release|Any CPU.Build.0 = Release|Any CPU
		{719F0779-0439-4F58-9C28-D2DB6DCB791D}.Release|x64.ActiveCfg = Release|Any CPU
		{719F0779-0439-4F58-9C28-D2DB6DCB791D}.Release|x64.Build.0 = Release|Any CPU
		{719F0779-0439-4F58-9C28-D2DB6DCB791D}.Release|x86.ActiveCfg = Release|Any CPU
		{719F0779-0439-4F58-9C28-D2DB6DCB791D}.Release|x86.Build.0 = Release|Any CPU
		{547BEB04-87A4-4666-912D-103A36016F83}.Debug|Any CPU.ActiveCfg = Debug|Any CPU
		{547BEB04-87A4-4666-912D-103A36016F83}.Debug|Any CPU.Build.0 = Debug|Any CPU
		{547BEB04-87A4-4666-912D-103A36016F83}.Debug|x64.ActiveCfg = Debug|Any CPU
		{547BEB04-87A4-4666-912D-103A36016F83}.Debug|x64.Build.0 = Debug|Any CPU
		{547BEB04-87A4-4666-912D-103A36016F83}.Debug|x86.ActiveCfg = Debug|Any CPU
		{547BEB04-87A4-4666-912D-103A36016F83}.Debug|x86.Build.0 = Debug|Any CPU
		{547BEB04-87A4-4666-912D-103A36016F83}.Release|Any CPU.ActiveCfg = Release|Any CPU
		{547BEB04-87A4-4666-912D-103A36016F83}.Release|Any CPU.Build.0 = Release|Any CPU
		{547BEB04-87A4-4666-912D-103A36016F83}.Release|x64.ActiveCfg = Release|Any CPU
		{547BEB04-87A4-4666-912D-103A36016F83}.Release|x64.Build.0 = Release|Any CPU
		{547BEB04-87A4-4666-912D-103A36016F83}.Release|x86.ActiveCfg = Release|Any CPU
		{547BEB04-87A4-4666-912D-103A36016F83}.Release|x86.Build.0 = Release|Any CPU
		{BD4DE3F5-2C82-4C27-96C5-7F10CB948917}.Debug|Any CPU.ActiveCfg = Debug|Any CPU
		{BD4DE3F5-2C82-4C27-96C5-7F10CB948917}.Debug|Any CPU.Build.0 = Debug|Any CPU
		{BD4DE3F5-2C82-4C27-96C5-7F10CB948917}.Debug|x64.ActiveCfg = Debug|Any CPU
		{BD4DE3F5-2C82-4C27-96C5-7F10CB948917}.Debug|x64.Build.0 = Debug|Any CPU
		{BD4DE3F5-2C82-4C27-96C5-7F10CB948917}.Debug|x86.ActiveCfg = Debug|Any CPU
		{BD4DE3F5-2C82-4C27-96C5-7F10CB948917}.Debug|x86.Build.0 = Debug|Any CPU
		{BD4DE3F5-2C82-4C27-96C5-7F10CB948917}.Release|Any CPU.ActiveCfg = Release|Any CPU
		{BD4DE3F5-2C82-4C27-96C5-7F10CB948917}.Release|Any CPU.Build.0 = Release|Any CPU
		{BD4DE3F5-2C82-4C27-96C5-7F10CB948917}.Release|x64.ActiveCfg = Release|Any CPU
		{BD4DE3F5-2C82-4C27-96C5-7F10CB948917}.Release|x64.Build.0 = Release|Any CPU
		{BD4DE3F5-2C82-4C27-96C5-7F10CB948917}.Release|x86.ActiveCfg = Release|Any CPU
		{BD4DE3F5-2C82-4C27-96C5-7F10CB948917}.Release|x86.Build.0 = Release|Any CPU
		{012F30DD-45D3-473C-99F6-E199B7E499F8}.Debug|Any CPU.ActiveCfg = Debug|Any CPU
		{012F30DD-45D3-473C-99F6-E199B7E499F8}.Debug|Any CPU.Build.0 = Debug|Any CPU
		{012F30DD-45D3-473C-99F6-E199B7E499F8}.Debug|x64.ActiveCfg = Debug|Any CPU
		{012F30DD-45D3-473C-99F6-E199B7E499F8}.Debug|x64.Build.0 = Debug|Any CPU
		{012F30DD-45D3-473C-99F6-E199B7E499F8}.Debug|x86.ActiveCfg = Debug|Any CPU
		{012F30DD-45D3-473C-99F6-E199B7E499F8}.Debug|x86.Build.0 = Debug|Any CPU
		{012F30DD-45D3-473C-99F6-E199B7E499F8}.Release|Any CPU.ActiveCfg = Release|Any CPU
		{012F30DD-45D3-473C-99F6-E199B7E499F8}.Release|Any CPU.Build.0 = Release|Any CPU
		{012F30DD-45D3-473C-99F6-E199B7E499F8}.Release|x64.ActiveCfg = Release|Any CPU
		{012F30DD-45D3-473C-99F6-E199B7E499F8}.Release|x64.Build.0 = Release|Any CPU
		{012F30DD-45D3-473C-99F6-E199B7E499F8}.Release|x86.ActiveCfg = Release|Any CPU
		{012F30DD-45D3-473C-99F6-E199B7E499F8}.Release|x86.Build.0 = Release|Any CPU
		{7C33131E-479D-4A91-97E7-7C261A8A1CE5}.Debug|Any CPU.ActiveCfg = Debug|Any CPU
		{7C33131E-479D-4A91-97E7-7C261A8A1CE5}.Debug|Any CPU.Build.0 = Debug|Any CPU
		{7C33131E-479D-4A91-97E7-7C261A8A1CE5}.Debug|x64.ActiveCfg = Debug|Any CPU
		{7C33131E-479D-4A91-97E7-7C261A8A1CE5}.Debug|x64.Build.0 = Debug|Any CPU
		{7C33131E-479D-4A91-97E7-7C261A8A1CE5}.Debug|x86.ActiveCfg = Debug|Any CPU
		{7C33131E-479D-4A91-97E7-7C261A8A1CE5}.Debug|x86.Build.0 = Debug|Any CPU
		{7C33131E-479D-4A91-97E7-7C261A8A1CE5}.Release|Any CPU.ActiveCfg = Release|Any CPU
		{7C33131E-479D-4A91-97E7-7C261A8A1CE5}.Release|Any CPU.Build.0 = Release|Any CPU
		{7C33131E-479D-4A91-97E7-7C261A8A1CE5}.Release|x64.ActiveCfg = Release|Any CPU
		{7C33131E-479D-4A91-97E7-7C261A8A1CE5}.Release|x64.Build.0 = Release|Any CPU
		{7C33131E-479D-4A91-97E7-7C261A8A1CE5}.Release|x86.ActiveCfg = Release|Any CPU
		{7C33131E-479D-4A91-97E7-7C261A8A1CE5}.Release|x86.Build.0 = Release|Any CPU
		{5571AFD8-989E-4726-A2F3-2379D936C9C2}.Debug|Any CPU.ActiveCfg = Debug|Any CPU
		{5571AFD8-989E-4726-A2F3-2379D936C9C2}.Debug|Any CPU.Build.0 = Debug|Any CPU
		{5571AFD8-989E-4726-A2F3-2379D936C9C2}.Debug|x64.ActiveCfg = Debug|Any CPU
		{5571AFD8-989E-4726-A2F3-2379D936C9C2}.Debug|x64.Build.0 = Debug|Any CPU
		{5571AFD8-989E-4726-A2F3-2379D936C9C2}.Debug|x86.ActiveCfg = Debug|Any CPU
		{5571AFD8-989E-4726-A2F3-2379D936C9C2}.Debug|x86.Build.0 = Debug|Any CPU
		{5571AFD8-989E-4726-A2F3-2379D936C9C2}.Release|Any CPU.ActiveCfg = Release|Any CPU
		{5571AFD8-989E-4726-A2F3-2379D936C9C2}.Release|Any CPU.Build.0 = Release|Any CPU
		{5571AFD8-989E-4726-A2F3-2379D936C9C2}.Release|x64.ActiveCfg = Release|Any CPU
		{5571AFD8-989E-4726-A2F3-2379D936C9C2}.Release|x64.Build.0 = Release|Any CPU
		{5571AFD8-989E-4726-A2F3-2379D936C9C2}.Release|x86.ActiveCfg = Release|Any CPU
		{5571AFD8-989E-4726-A2F3-2379D936C9C2}.Release|x86.Build.0 = Release|Any CPU
		{53DADAED-DE16-4D3A-B5D7-B6D97D887C65}.Debug|Any CPU.ActiveCfg = Debug|Any CPU
		{53DADAED-DE16-4D3A-B5D7-B6D97D887C65}.Debug|Any CPU.Build.0 = Debug|Any CPU
		{53DADAED-DE16-4D3A-B5D7-B6D97D887C65}.Debug|x64.ActiveCfg = Debug|Any CPU
		{53DADAED-DE16-4D3A-B5D7-B6D97D887C65}.Debug|x64.Build.0 = Debug|Any CPU
		{53DADAED-DE16-4D3A-B5D7-B6D97D887C65}.Debug|x86.ActiveCfg = Debug|Any CPU
		{53DADAED-DE16-4D3A-B5D7-B6D97D887C65}.Debug|x86.Build.0 = Debug|Any CPU
		{53DADAED-DE16-4D3A-B5D7-B6D97D887C65}.Release|Any CPU.ActiveCfg = Release|Any CPU
		{53DADAED-DE16-4D3A-B5D7-B6D97D887C65}.Release|Any CPU.Build.0 = Release|Any CPU
		{53DADAED-DE16-4D3A-B5D7-B6D97D887C65}.Release|x64.ActiveCfg = Release|Any CPU
		{53DADAED-DE16-4D3A-B5D7-B6D97D887C65}.Release|x64.Build.0 = Release|Any CPU
		{53DADAED-DE16-4D3A-B5D7-B6D97D887C65}.Release|x86.ActiveCfg = Release|Any CPU
		{53DADAED-DE16-4D3A-B5D7-B6D97D887C65}.Release|x86.Build.0 = Release|Any CPU
		{EF983551-E4CD-41D7-9A3D-4C92D7D720D1}.Debug|Any CPU.ActiveCfg = Debug|Any CPU
		{EF983551-E4CD-41D7-9A3D-4C92D7D720D1}.Debug|Any CPU.Build.0 = Debug|Any CPU
		{EF983551-E4CD-41D7-9A3D-4C92D7D720D1}.Debug|x64.ActiveCfg = Debug|Any CPU
		{EF983551-E4CD-41D7-9A3D-4C92D7D720D1}.Debug|x64.Build.0 = Debug|Any CPU
		{EF983551-E4CD-41D7-9A3D-4C92D7D720D1}.Debug|x86.ActiveCfg = Debug|Any CPU
		{EF983551-E4CD-41D7-9A3D-4C92D7D720D1}.Debug|x86.Build.0 = Debug|Any CPU
		{EF983551-E4CD-41D7-9A3D-4C92D7D720D1}.Release|Any CPU.ActiveCfg = Release|Any CPU
		{EF983551-E4CD-41D7-9A3D-4C92D7D720D1}.Release|Any CPU.Build.0 = Release|Any CPU
		{EF983551-E4CD-41D7-9A3D-4C92D7D720D1}.Release|x64.ActiveCfg = Release|Any CPU
		{EF983551-E4CD-41D7-9A3D-4C92D7D720D1}.Release|x64.Build.0 = Release|Any CPU
		{EF983551-E4CD-41D7-9A3D-4C92D7D720D1}.Release|x86.ActiveCfg = Release|Any CPU
		{EF983551-E4CD-41D7-9A3D-4C92D7D720D1}.Release|x86.Build.0 = Release|Any CPU
	EndGlobalSection
	GlobalSection(SolutionProperties) = preSolution
		HideSolutionNode = FALSE
	EndGlobalSection
	GlobalSection(NestedProjects) = preSolution
		{C60435A6-533C-412D-B3F9-0F12CF55C1D8} = {827E0CD3-B72D-47B6-A68D-7590B98EB39B}
		{719F0779-0439-4F58-9C28-D2DB6DCB791D} = {827E0CD3-B72D-47B6-A68D-7590B98EB39B}
		{547BEB04-87A4-4666-912D-103A36016F83} = {827E0CD3-B72D-47B6-A68D-7590B98EB39B}
		{BD4DE3F5-2C82-4C27-96C5-7F10CB948917} = {827E0CD3-B72D-47B6-A68D-7590B98EB39B}
		{012F30DD-45D3-473C-99F6-E199B7E499F8} = {827E0CD3-B72D-47B6-A68D-7590B98EB39B}
		{7C33131E-479D-4A91-97E7-7C261A8A1CE5} = {827E0CD3-B72D-47B6-A68D-7590B98EB39B}
		{5571AFD8-989E-4726-A2F3-2379D936C9C2} = {827E0CD3-B72D-47B6-A68D-7590B98EB39B}
		{53DADAED-DE16-4D3A-B5D7-B6D97D887C65} = {827E0CD3-B72D-47B6-A68D-7590B98EB39B}
		{EF983551-E4CD-41D7-9A3D-4C92D7D720D1} = {827E0CD3-B72D-47B6-A68D-7590B98EB39B}
	EndGlobalSection
EndGlobal
